
Microsoft Visual Studio Solution File, Format Version 12.00
# Visual Studio Version 16
VisualStudioVersion = 16.0.30503.244
MinimumVisualStudioVersion = 10.0.40219.1
Project("{FAE04EC0-301F-11D3-BF4B-00C04F79EFBC}") = "Snake.Server", "Snake\Server\Snake.Server.csproj", "{B7D210F0-2704-425E-9FBD-7C32C563ABE8}"
EndProject
Project("{FAE04EC0-301F-11D3-BF4B-00C04F79EFBC}") = "Snake.Client", "Snake\Client\Snake.Client.csproj", "{720B9F51-E3BC-4C81-B745-AE7BCE7406E4}"
EndProject
Project("{FAE04EC0-301F-11D3-BF4B-00C04F79EFBC}") = "Snake.Shared", "Snake\Shared\Snake.Shared.csproj", "{AAA2190C-2D09-4D26-B6D5-2B217EFD9C1B}"
EndProject
Global
	GlobalSection(SolutionConfigurationPlatforms) = preSolution
		Debug|Any CPU = Debug|Any CPU
		Release|Any CPU = Release|Any CPU
	EndGlobalSection
	GlobalSection(ProjectConfigurationPlatforms) = postSolution
		{B7D210F0-2704-425E-9FBD-7C32C563ABE8}.Debug|Any CPU.ActiveCfg = Debug|Any CPU
		{B7D210F0-2704-425E-9FBD-7C32C563ABE8}.Debug|Any CPU.Build.0 = Debug|Any CPU
		{B7D210F0-2704-425E-9FBD-7C32C563ABE8}.Release|Any CPU.ActiveCfg = Release|Any CPU
		{B7D210F0-2704-425E-9FBD-7C32C563ABE8}.Release|Any CPU.Build.0 = Release|Any CPU
		{720B9F51-E3BC-4C81-B745-AE7BCE7406E4}.Debug|Any CPU.ActiveCfg = Debug|Any CPU
		{720B9F51-E3BC-4C81-B745-AE7BCE7406E4}.Debug|Any CPU.Build.0 = Debug|Any CPU
		{720B9F51-E3BC-4C81-B745-AE7BCE7406E4}.Release|Any CPU.ActiveCfg = Release|Any CPU
		{720B9F51-E3BC-4C81-B745-AE7BCE7406E4}.Release|Any CPU.Build.0 = Release|Any CPU
		{AAA2190C-2D09-4D26-B6D5-2B217EFD9C1B}.Debug|Any CPU.ActiveCfg = Debug|Any CPU
		{AAA2190C-2D09-4D26-B6D5-2B217EFD9C1B}.Debug|Any CPU.Build.0 = Debug|Any CPU
		{AAA2190C-2D09-4D26-B6D5-2B217EFD9C1B}.Release|Any CPU.ActiveCfg = Release|Any CPU
		{AAA2190C-2D09-4D26-B6D5-2B217EFD9C1B}.Release|Any CPU.Build.0 = Release|Any CPU
	EndGlobalSection
	GlobalSection(SolutionProperties) = preSolution
		HideSolutionNode = FALSE
	EndGlobalSection
	GlobalSection(ExtensibilityGlobals) = postSolution
		SolutionGuid = {0EB82F1B-6B18-4360-813E-4AF4F104BEA1}
	EndGlobalSection
EndGlobal
