
Microsoft Visual Studio Solution File, Format Version 12.00
# Visual Studio Version 16
VisualStudioVersion = 16.0.30503.244
MinimumVisualStudioVersion = 10.0.40219.1
Project("{FAE04EC0-301F-11D3-BF4B-00C04F79EFBC}") = "Rest", "Playground\Rest.csproj", "{61496545-71D2-4AE4-A724-6069E3020F68}"
EndProject
Project("{FAE04EC0-301F-11D3-BF4B-00C04F79EFBC}") = "MVC", "MVC\MVC.csproj", "{CD29F780-C089-41AC-B72B-6FB20C2774C5}"
EndProject
Project("{FAE04EC0-301F-11D3-BF4B-00C04F79EFBC}") = "WpfApp1", "WpfApp1\WpfApp1.csproj", "{8D5A6FC7-5A59-46C8-9FCF-52046EE96A15}"
EndProject
Global
	GlobalSection(SolutionConfigurationPlatforms) = preSolution
		Debug|Any CPU = Debug|Any CPU
		Release|Any CPU = Release|Any CPU
	EndGlobalSection
	GlobalSection(ProjectConfigurationPlatforms) = postSolution
		{61496545-71D2-4AE4-A724-6069E3020F68}.Debug|Any CPU.ActiveCfg = Debug|Any CPU
		{61496545-71D2-4AE4-A724-6069E3020F68}.Debug|Any CPU.Build.0 = Debug|Any CPU
		{61496545-71D2-4AE4-A724-6069E3020F68}.Release|Any CPU.ActiveCfg = Release|Any CPU
		{61496545-71D2-4AE4-A724-6069E3020F68}.Release|Any CPU.Build.0 = Release|Any CPU
		{CD29F780-C089-41AC-B72B-6FB20C2774C5}.Debug|Any CPU.ActiveCfg = Debug|Any CPU
		{CD29F780-C089-41AC-B72B-6FB20C2774C5}.Debug|Any CPU.Build.0 = Debug|Any CPU
		{CD29F780-C089-41AC-B72B-6FB20C2774C5}.Release|Any CPU.ActiveCfg = Release|Any CPU
		{CD29F780-C089-41AC-B72B-6FB20C2774C5}.Release|Any CPU.Build.0 = Release|Any CPU
		{8D5A6FC7-5A59-46C8-9FCF-52046EE96A15}.Debug|Any CPU.ActiveCfg = Debug|Any CPU
		{8D5A6FC7-5A59-46C8-9FCF-52046EE96A15}.Debug|Any CPU.Build.0 = Debug|Any CPU
		{8D5A6FC7-5A59-46C8-9FCF-52046EE96A15}.Release|Any CPU.ActiveCfg = Release|Any CPU
		{8D5A6FC7-5A59-46C8-9FCF-52046EE96A15}.Release|Any CPU.Build.0 = Release|Any CPU
	EndGlobalSection
	GlobalSection(SolutionProperties) = preSolution
		HideSolutionNode = FALSE
	EndGlobalSection
	GlobalSection(ExtensibilityGlobals) = postSolution
		SolutionGuid = {2857C3C2-C5FB-41BA-B82A-C32B633A0F04}
	EndGlobalSection
EndGlobal
